{
  "name": "plugin-decorator-template",
  "version": "0.0.0",
  "lockfileVersion": 2,
  "requires": true,
  "packages": {
    "": {
      "name": "plugin-decorator-template",
      "version": "0.0.0",
      "license": "ISC",
      "dependencies": {
        "lodash-decorators": "^6.0.1",
        "react": "^18.0.0"
      },
      "devDependencies": {
        "@types/react": "^18.0.5"
      }
    },
    "node_modules/_js-tokens@4.0.0@js-tokens": {
      "name": "js-tokens",
      "version": "4.0.0",
      "license": "MIT"
    },
    "node_modules/_lodash-decorators@6.0.1@lodash-decorators": {
      "name": "lodash-decorators",
      "version": "6.0.1",
      "license": "MIT",
      "dependencies": {
        "tslib": "^1.9.2"
      },
      "engines": {
        "node": ">=0.12.0"
      },
      "peerDependencies": {
        "lodash": "4.x"
      }
    },
    "node_modules/_lodash-decorators@6.0.1@lodash-decorators/node_modules/tslib": {
      "resolved": "node_modules/_tslib@1.14.1@tslib",
      "link": true
    },
    "node_modules/_loose-envify@1.4.0@loose-envify": {
      "name": "loose-envify",
      "version": "1.4.0",
      "license": "MIT",
      "dependencies": {
        "js-tokens": "^3.0.0 || ^4.0.0"
      },
      "bin": {
        "loose-envify": "cli.js"
      }
    },
    "node_modules/_loose-envify@1.4.0@loose-envify/node_modules/js-tokens": {
      "resolved": "node_modules/_js-tokens@4.0.0@js-tokens",
      "link": true
    },
    "node_modules/_react@18.0.0@react": {
      "name": "react",
      "version": "18.0.0",
      "license": "MIT",
      "dependencies": {
        "loose-envify": "^1.1.0"
      },
      "engines": {
        "node": ">=0.10.0"
      }
    },
    "node_modules/_react@18.0.0@react/node_modules/loose-envify": {
      "resolved": "node_modules/_loose-envify@1.4.0@loose-envify",
      "link": true
    },
    "node_modules/_tslib@1.14.1@tslib": {
      "name": "tslib",
      "version": "1.14.1",
      "license": "0BSD"
    },
    "node_modules/@types/prop-types": {
      "version": "15.7.5",
      "resolved": "https://registry.npm.alibaba-inc.com/@types/prop-types/download/@types/prop-types-15.7.5.tgz",
      "integrity": "sha512-JCB8C6SnDoQf0cNycqd/35A7MjcnK+ZTqE7judS6o7utxUCg6imJg3QK2qzHKszlTjcj2cn+NwMB2i96ubpj7w==",
      "dev": true
    },
    "node_modules/@types/react": {
      "version": "18.0.5",
      "resolved": "https://registry.npm.alibaba-inc.com/@types/react/download/@types/react-18.0.5.tgz",
      "integrity": "sha512-UPxNGInDCIKlfqBrm8LDXYWNfLHwIdisWcsH5GpMyGjhEDLFgTtlRBaoWuCua9HcyuE0rMkmAeZ3FXV1pYLIYQ==",
      "dev": true,
      "dependencies": {
        "@types/prop-types": "*",
        "@types/scheduler": "*",
        "csstype": "^3.0.2"
      }
    },
    "node_modules/@types/scheduler": {
      "version": "0.16.2",
      "resolved": "https://registry.npm.alibaba-inc.com/@types/scheduler/download/@types/scheduler-0.16.2.tgz",
      "integrity": "sha1-GmL4lSVyPd4kuhsBsJK/XfitTTk=",
      "dev": true
    },
    "node_modules/csstype": {
      "version": "3.0.11",
      "resolved": "https://registry.npm.alibaba-inc.com/csstype/download/csstype-3.0.11.tgz",
      "integrity": "sha512-sa6P2wJ+CAbgyy4KFssIb/JNMLxFvKF1pCYCSXS8ZMuqZnMsrxqI2E5sPyoTpxoPU/gVZMzr2zjOfg8GIZOMsw==",
      "dev": true
    },
    "node_modules/lodash": {
      "version": "4.17.21",
      "resolved": "https://registry.npm.alibaba-inc.com/lodash/download/lodash-4.17.21.tgz",
      "integrity": "sha1-Z5WRxWTDv/quhFTPCz3zcMPWkRw=",
      "peer": true
    },
    "node_modules/lodash-decorators": {
      "resolved": "node_modules/_lodash-decorators@6.0.1@lodash-decorators",
      "link": true
    },
    "node_modules/react": {
      "resolved": "node_modules/_react@18.0.0@react",
      "link": true
    }
  },
  "dependencies": {
    "_js-tokens@4.0.0@js-tokens": {
      "version": "npm:js-tokens@4.0.0"
    },
    "_lodash-decorators@6.0.1@lodash-decorators": {
      "version": "npm:lodash-decorators@6.0.1",
      "requires": {
        "tslib": "^1.9.2"
      },
      "dependencies": {
        "tslib": {
          "version": "file:node_modules/_tslib@1.14.1@tslib"
        }
      }
    },
    "_loose-envify@1.4.0@loose-envify": {
      "version": "npm:loose-envify@1.4.0",
      "requires": {
        "js-tokens": "^3.0.0 || ^4.0.0"
      },
      "dependencies": {
        "js-tokens": {
          "version": "file:node_modules/_js-tokens@4.0.0@js-tokens"
        }
      }
    },
    "_react@18.0.0@react": {
      "version": "npm:react@18.0.0",
      "requires": {
        "loose-envify": "^1.1.0"
      },
      "dependencies": {
        "loose-envify": {
          "version": "file:node_modules/_loose-envify@1.4.0@loose-envify",
          "requires": {
            "js-tokens": "^3.0.0 || ^4.0.0"
          },
          "dependencies": {
            "js-tokens": {
              "version": "file:node_modules/_js-tokens@4.0.0@js-tokens"
            }
          }
        }
      }
    },
    "_tslib@1.14.1@tslib": {
      "version": "npm:tslib@1.14.1"
    },
    "@types/prop-types": {
      "version": "15.7.5",
      "resolved": "https://registry.npm.alibaba-inc.com/@types/prop-types/download/@types/prop-types-15.7.5.tgz",
      "integrity": "sha512-JCB8C6SnDoQf0cNycqd/35A7MjcnK+ZTqE7judS6o7utxUCg6imJg3QK2qzHKszlTjcj2cn+NwMB2i96ubpj7w==",
      "dev": true
    },
    "@types/react": {
      "version": "18.0.5",
      "resolved": "https://registry.npm.alibaba-inc.com/@types/react/download/@types/react-18.0.5.tgz",
      "integrity": "sha512-UPxNGInDCIKlfqBrm8LDXYWNfLHwIdisWcsH5GpMyGjhEDLFgTtlRBaoWuCua9HcyuE0rMkmAeZ3FXV1pYLIYQ==",
      "dev": true,
      "requires": {
        "@types/prop-types": "*",
        "@types/scheduler": "*",
        "csstype": "^3.0.2"
      }
    },
    "@types/scheduler": {
      "version": "0.16.2",
      "resolved": "https://registry.npm.alibaba-inc.com/@types/scheduler/download/@types/scheduler-0.16.2.tgz",
      "integrity": "sha1-GmL4lSVyPd4kuhsBsJK/XfitTTk=",
      "dev": true
    },
    "csstype": {
      "version": "3.0.11",
      "resolved": "https://registry.npm.alibaba-inc.com/csstype/download/csstype-3.0.11.tgz",
      "integrity": "sha512-sa6P2wJ+CAbgyy4KFssIb/JNMLxFvKF1pCYCSXS8ZMuqZnMsrxqI2E5sPyoTpxoPU/gVZMzr2zjOfg8GIZOMsw==",
      "dev": true
    },
    "lodash": {
      "version": "4.17.21",
      "resolved": "https://registry.npm.alibaba-inc.com/lodash/download/lodash-4.17.21.tgz",
      "integrity": "sha1-Z5WRxWTDv/quhFTPCz3zcMPWkRw=",
      "peer": true
    },
    "lodash-decorators": {
      "version": "file:node_modules/_lodash-decorators@6.0.1@lodash-decorators",
      "requires": {
        "tslib": "^1.9.2"
      },
      "dependencies": {
        "tslib": {
          "version": "file:node_modules/_tslib@1.14.1@tslib"
        }
      }
    },
    "react": {
      "version": "file:node_modules/_react@18.0.0@react",
      "requires": {
        "loose-envify": "^1.1.0"
      },
      "dependencies": {
        "loose-envify": {
          "version": "file:node_modules/_loose-envify@1.4.0@loose-envify",
          "requires": {
            "js-tokens": "^3.0.0 || ^4.0.0"
          },
          "dependencies": {
            "js-tokens": {
              "version": "file:node_modules/_js-tokens@4.0.0@js-tokens"
            }
          }
        }
      }
    }
  }
}
